
Microsoft Visual Studio Solution File, Format Version 12.00
# Visual Studio Version 17
VisualStudioVersion = 17.0.31825.309
MinimumVisualStudioVersion = 10.0.40219.1
Project("{FAE04EC0-301F-11D3-BF4B-00C04F79EFBC}") = "AppQuantidade.Android", "AppQuantidade\AppQuantidade.Android\AppQuantidade.Android.csproj", "{A52607A0-783C-4193-BE26-B33222118BB5}"
EndProject
Project("{FAE04EC0-301F-11D3-BF4B-00C04F79EFBC}") = "AppQuantidade.iOS", "AppQuantidade\AppQuantidade.iOS\AppQuantidade.iOS.csproj", "{D8600B11-25A1-4204-9965-FF5A589FAF6C}"
EndProject
Project("{FAE04EC0-301F-11D3-BF4B-00C04F79EFBC}") = "AppQuantidade", "AppQuantidade\AppQuantidade\AppQuantidade.csproj", "{9EE606A9-0652-4C46-9563-0DF5465EF480}"
EndProject
Global
	GlobalSection(SolutionConfigurationPlatforms) = preSolution
		Debug|Any CPU = Debug|Any CPU
		Debug|iPhone = Debug|iPhone
		Debug|iPhoneSimulator = Debug|iPhoneSimulator
		Release|Any CPU = Release|Any CPU
		Release|iPhone = Release|iPhone
		Release|iPhoneSimulator = Release|iPhoneSimulator
	EndGlobalSection
	GlobalSection(ProjectConfigurationPlatforms) = postSolution
		{A52607A0-783C-4193-BE26-B33222118BB5}.Debug|Any CPU.ActiveCfg = Debug|Any CPU
		{A52607A0-783C-4193-BE26-B33222118BB5}.Debug|Any CPU.Build.0 = Debug|Any CPU
		{A52607A0-783C-4193-BE26-B33222118BB5}.Debug|Any CPU.Deploy.0 = Debug|Any CPU
		{A52607A0-783C-4193-BE26-B33222118BB5}.Debug|iPhone.ActiveCfg = Debug|Any CPU
		{A52607A0-783C-4193-BE26-B33222118BB5}.Debug|iPhone.Build.0 = Debug|Any CPU
		{A52607A0-783C-4193-BE26-B33222118BB5}.Debug|iPhone.Deploy.0 = Debug|Any CPU
		{A52607A0-783C-4193-BE26-B33222118BB5}.Debug|iPhoneSimulator.ActiveCfg = Debug|Any CPU
		{A52607A0-783C-4193-BE26-B33222118BB5}.Debug|iPhoneSimulator.Build.0 = Debug|Any CPU
		{A52607A0-783C-4193-BE26-B33222118BB5}.Debug|iPhoneSimulator.Deploy.0 = Debug|Any CPU
		{A52607A0-783C-4193-BE26-B33222118BB5}.Release|Any CPU.ActiveCfg = Release|Any CPU
		{A52607A0-783C-4193-BE26-B33222118BB5}.Release|Any CPU.Build.0 = Release|Any CPU
		{A52607A0-783C-4193-BE26-B33222118BB5}.Release|Any CPU.Deploy.0 = Release|Any CPU
		{A52607A0-783C-4193-BE26-B33222118BB5}.Release|iPhone.ActiveCfg = Release|Any CPU
		{A52607A0-783C-4193-BE26-B33222118BB5}.Release|iPhone.Build.0 = Release|Any CPU
		{A52607A0-783C-4193-BE26-B33222118BB5}.Release|iPhone.Deploy.0 = Release|Any CPU
		{A52607A0-783C-4193-BE26-B33222118BB5}.Release|iPhoneSimulator.ActiveCfg = Release|Any CPU
		{A52607A0-783C-4193-BE26-B33222118BB5}.Release|iPhoneSimulator.Build.0 = Release|Any CPU
		{A52607A0-783C-4193-BE26-B33222118BB5}.Release|iPhoneSimulator.Deploy.0 = Release|Any CPU
		{D8600B11-25A1-4204-9965-FF5A589FAF6C}.Debug|Any CPU.ActiveCfg = Debug|iPhone
		{D8600B11-25A1-4204-9965-FF5A589FAF6C}.Debug|Any CPU.Build.0 = Debug|iPhone
		{D8600B11-25A1-4204-9965-FF5A589FAF6C}.Debug|Any CPU.Deploy.0 = Debug|iPhone
		{D8600B11-25A1-4204-9965-FF5A589FAF6C}.Debug|iPhone.ActiveCfg = Debug|iPhone
		{D8600B11-25A1-4204-9965-FF5A589FAF6C}.Debug|iPhone.Build.0 = Debug|iPhone
		{D8600B11-25A1-4204-9965-FF5A589FAF6C}.Debug|iPhone.Deploy.0 = Debug|iPhone
		{D8600B11-25A1-4204-9965-FF5A589FAF6C}.Debug|iPhoneSimulator.ActiveCfg = Debug|iPhoneSimulator
		{D8600B11-25A1-4204-9965-FF5A589FAF6C}.Debug|iPhoneSimulator.Build.0 = Debug|iPhoneSimulator
		{D8600B11-25A1-4204-9965-FF5A589FAF6C}.Debug|iPhoneSimulator.Deploy.0 = Debug|iPhoneSimulator
		{D8600B11-25A1-4204-9965-FF5A589FAF6C}.Release|Any CPU.ActiveCfg = Release|iPhoneSimulator
		{D8600B11-25A1-4204-9965-FF5A589FAF6C}.Release|Any CPU.Build.0 = Release|iPhoneSimulator
		{D8600B11-25A1-4204-9965-FF5A589FAF6C}.Release|Any CPU.Deploy.0 = Release|iPhoneSimulator
		{D8600B11-25A1-4204-9965-FF5A589FAF6C}.Release|iPhone.ActiveCfg = Release|iPhone
		{D8600B11-25A1-4204-9965-FF5A589FAF6C}.Release|iPhone.Build.0 = Release|iPhone
		{D8600B11-25A1-4204-9965-FF5A589FAF6C}.Release|iPhone.Deploy.0 = Release|iPhone
		{D8600B11-25A1-4204-9965-FF5A589FAF6C}.Release|iPhoneSimulator.ActiveCfg = Release|iPhoneSimulator
		{D8600B11-25A1-4204-9965-FF5A589FAF6C}.Release|iPhoneSimulator.Build.0 = Release|iPhoneSimulator
		{D8600B11-25A1-4204-9965-FF5A589FAF6C}.Release|iPhoneSimulator.Deploy.0 = Release|iPhoneSimulator
		{9EE606A9-0652-4C46-9563-0DF5465EF480}.Debug|Any CPU.ActiveCfg = Debug|Any CPU
		{9EE606A9-0652-4C46-9563-0DF5465EF480}.Debug|Any CPU.Build.0 = Debug|Any CPU
		{9EE606A9-0652-4C46-9563-0DF5465EF480}.Debug|Any CPU.Deploy.0 = Debug|Any CPU
		{9EE606A9-0652-4C46-9563-0DF5465EF480}.Debug|iPhone.ActiveCfg = Debug|Any CPU
		{9EE606A9-0652-4C46-9563-0DF5465EF480}.Debug|iPhone.Build.0 = Debug|Any CPU
		{9EE606A9-0652-4C46-9563-0DF5465EF480}.Debug|iPhone.Deploy.0 = Debug|Any CPU
		{9EE606A9-0652-4C46-9563-0DF5465EF480}.Debug|iPhoneSimulator.ActiveCfg = Debug|Any CPU
		{9EE606A9-0652-4C46-9563-0DF5465EF480}.Debug|iPhoneSimulator.Build.0 = Debug|Any CPU
		{9EE606A9-0652-4C46-9563-0DF5465EF480}.Debug|iPhoneSimulator.Deploy.0 = Debug|Any CPU
		{9EE606A9-0652-4C46-9563-0DF5465EF480}.Release|Any CPU.ActiveCfg = Release|Any CPU
		{9EE606A9-0652-4C46-9563-0DF5465EF480}.Release|Any CPU.Build.0 = Release|Any CPU
		{9EE606A9-0652-4C46-9563-0DF5465EF480}.Release|Any CPU.Deploy.0 = Release|Any CPU
		{9EE606A9-0652-4C46-9563-0DF5465EF480}.Release|iPhone.ActiveCfg = Release|Any CPU
		{9EE606A9-0652-4C46-9563-0DF5465EF480}.Release|iPhone.Build.0 = Release|Any CPU
		{9EE606A9-0652-4C46-9563-0DF5465EF480}.Release|iPhone.Deploy.0 = Release|Any CPU
		{9EE606A9-0652-4C46-9563-0DF5465EF480}.Release|iPhoneSimulator.ActiveCfg = Release|Any CPU
		{9EE606A9-0652-4C46-9563-0DF5465EF480}.Release|iPhoneSimulator.Build.0 = Release|Any CPU
		{9EE606A9-0652-4C46-9563-0DF5465EF480}.Release|iPhoneSimulator.Deploy.0 = Release|Any CPU
	EndGlobalSection
	GlobalSection(SolutionProperties) = preSolution
		HideSolutionNode = FALSE
	EndGlobalSection
	GlobalSection(ExtensibilityGlobals) = postSolution
		SolutionGuid = {164FB974-17AD-4D1E-BFB7-345D2113601C}
	EndGlobalSection
EndGlobal
